// !$*UTF8*$!
{
	archiveVersion = 1;
	classes = {
	};
	objectVersion = 51;
	objects = {

/* Begin PBXBuildFile section */
		0EECA641BD205B94A6CA00CF /* Pods_OBJC_test.framework in Frameworks */ = {isa = PBXBuildFile; fileRef = 1DF34BA72DB1D3A5E4117B91 /* Pods_OBJC_test.framework */; };
		2505C23528AE138E00215530 /* WQGridViewController.m in Sources */ = {isa = PBXBuildFile; fileRef = 2505C23428AE138E00215530 /* WQGridViewController.m */; };
		251677922862A7350025A701 /* CalculateData.m in Sources */ = {isa = PBXBuildFile; fileRef = 251677912862A7350025A701 /* CalculateData.m */; };
		251677942862A7C10025A701 /* CalculateDataTest.m in Sources */ = {isa = PBXBuildFile; fileRef = 251677932862A7C10025A701 /* CalculateDataTest.m */; };
		251D3CF127A2447500FC1153 /* RandomView.swift in Sources */ = {isa = PBXBuildFile; fileRef = 251D3CF027A2447500FC1153 /* RandomView.swift */; };
		25317A5528261C2A006678F7 /* RandomColorVC.m in Sources */ = {isa = PBXBuildFile; fileRef = 25317A5428261C2A006678F7 /* RandomColorVC.m */; };
		25317A5828261DFA006678F7 /* ManagerNet.m in Sources */ = {isa = PBXBuildFile; fileRef = 25317A5728261DFA006678F7 /* ManagerNet.m */; };
		25317A5C28264BDE006678F7 /* HomeVC.m in Sources */ = {isa = PBXBuildFile; fileRef = 25317A5A28264BDE006678F7 /* HomeVC.m */; };
		253A87C828A505E90041CB0A /* ScanCodeVC.m in Sources */ = {isa = PBXBuildFile; fileRef = 253A87C628A505E80041CB0A /* ScanCodeVC.m */; };
		2547A80D28AF8D780042EAF5 /* README.md in Resources */ = {isa = PBXBuildFile; fileRef = 2547A80C28AF8D770042EAF5 /* README.md */; };
		254A07A226E06608007A7F50 /* AAQYAlertView.m in Sources */ = {isa = PBXBuildFile; fileRef = 254A07A126E06608007A7F50 /* AAQYAlertView.m */; };
		254A07A626E066C2007A7F50 /* UIView+CreateObj.m in Sources */ = {isa = PBXBuildFile; fileRef = 254A07A526E066C2007A7F50 /* UIView+CreateObj.m */; };
		2558F66826E7098D00117C3A /* NSString+Pinyin.m in Sources */ = {isa = PBXBuildFile; fileRef = 2558F66726E7098D00117C3A /* NSString+Pinyin.m */; };
		2561BA052860103000C1AB9D /* testFirst.m in Sources */ = {isa = PBXBuildFile; fileRef = 2561BA042860103000C1AB9D /* testFirst.m */; };
		256B47BD26AFABFB007E13C8 /* AppDelegate.m in Sources */ = {isa = PBXBuildFile; fileRef = 256B47BC26AFABFB007E13C8 /* AppDelegate.m */; };
		256B47C326AFABFB007E13C8 /* ViewController.m in Sources */ = {isa = PBXBuildFile; fileRef = 256B47C226AFABFB007E13C8 /* ViewController.m */; };
		256B47C626AFABFC007E13C8 /* Main.storyboard in Resources */ = {isa = PBXBuildFile; fileRef = 256B47C426AFABFC007E13C8 /* Main.storyboard */; };
		256B47C826AFABFE007E13C8 /* Assets.xcassets in Resources */ = {isa = PBXBuildFile; fileRef = 256B47C726AFABFE007E13C8 /* Assets.xcassets */; };
		256B47CB26AFABFE007E13C8 /* LaunchScreen.storyboard in Resources */ = {isa = PBXBuildFile; fileRef = 256B47C926AFABFE007E13C8 /* LaunchScreen.storyboard */; };
		256B47CE26AFABFE007E13C8 /* main.m in Sources */ = {isa = PBXBuildFile; fileRef = 256B47CD26AFABFE007E13C8 /* main.m */; };
		256B47D826AFABFF007E13C8 /* OBJC_testTests.m in Sources */ = {isa = PBXBuildFile; fileRef = 256B47D726AFABFF007E13C8 /* OBJC_testTests.m */; };
		256B47E326AFABFF007E13C8 /* OBJC_testUITests.m in Sources */ = {isa = PBXBuildFile; fileRef = 256B47E226AFABFF007E13C8 /* OBJC_testUITests.m */; };
		257E1DD727E47579002670DF /* DanteWebVC.m in Sources */ = {isa = PBXBuildFile; fileRef = 257E1DD627E47579002670DF /* DanteWebVC.m */; };
		259EF334279A84AE00E6C95F /* NetLogManager.m in Sources */ = {isa = PBXBuildFile; fileRef = 259EF333279A84AE00E6C95F /* NetLogManager.m */; };
		25AD660726F48CE800DA671A /* HDHVerticalPMDView.m in Sources */ = {isa = PBXBuildFile; fileRef = 25AD660626F48CE800DA671A /* HDHVerticalPMDView.m */; };
		25B312CE28ADD19A000A3990 /* WQView.m in Sources */ = {isa = PBXBuildFile; fileRef = 25B312CD28ADD19A000A3990 /* WQView.m */; };
		25CA3EC426C3C1DE006117D7 /* HDHScrollPlusView.m in Sources */ = {isa = PBXBuildFile; fileRef = 25CA3EC226C3C1DE006117D7 /* HDHScrollPlusView.m */; };
		25DE67AE28B86E6300B1DF6F /* WQCradientPmdViewController.m in Sources */ = {isa = PBXBuildFile; fileRef = 25DE67AD28B86E6300B1DF6F /* WQCradientPmdViewController.m */; };
		25DE67B128B8747600B1DF6F /* WQCradientPmdView.m in Sources */ = {isa = PBXBuildFile; fileRef = 25DE67B028B8747600B1DF6F /* WQCradientPmdView.m */; };
		25DE67B428B874DF00B1DF6F /* WQBzyiGradientView.m in Sources */ = {isa = PBXBuildFile; fileRef = 25DE67B328B874DF00B1DF6F /* WQBzyiGradientView.m */; };
		25E18E8028AA40BD002AB51A /* WQPMDViewController.m in Sources */ = {isa = PBXBuildFile; fileRef = 25E18E7F28AA40BD002AB51A /* WQPMDViewController.m */; };
		25E18E8428AB2822002AB51A /* WQCyclePMDViewController.m in Sources */ = {isa = PBXBuildFile; fileRef = 25E18E8328AB2822002AB51A /* WQCyclePMDViewController.m */; };
		25F8572E2744ECDD004DB99E /* SaveInfoVC.m in Sources */ = {isa = PBXBuildFile; fileRef = 25F8572D2744ECDD004DB99E /* SaveInfoVC.m */; };
		25F857322744F0C6004DB99E /* String_Dfine.m in Sources */ = {isa = PBXBuildFile; fileRef = 25F857312744F0C6004DB99E /* String_Dfine.m */; };
		25F857352744F389004DB99E /* SaveInfoCell.m in Sources */ = {isa = PBXBuildFile; fileRef = 25F857342744F389004DB99E /* SaveInfoCell.m */; };
		25FA935728ACD1A900F2E484 /* WQBYCyclePMDViewController.m in Sources */ = {isa = PBXBuildFile; fileRef = 25FA935628ACD1A900F2E484 /* WQBYCyclePMDViewController.m */; };
		AD054A5B3E7D9D640C8ED858 /* Pods_OBJC_test_OBJC_testUITests.framework in Frameworks */ = {isa = PBXBuildFile; fileRef = DC600EEC90B826B806700341 /* Pods_OBJC_test_OBJC_testUITests.framework */; };
		C55011541C6058E47D1D4800 /* Pods_OBJC_testTests.framework in Frameworks */ = {isa = PBXBuildFile; fileRef = ECACE1CBBAC4D80C01436A4E /* Pods_OBJC_testTests.framework */; };
/* End PBXBuildFile section */

/* Begin PBXContainerItemProxy section */
		256B47D426AFABFF007E13C8 /* PBXContainerItemProxy */ = {
			isa = PBXContainerItemProxy;
			containerPortal = 256B47B026AFABFB007E13C8 /* Project object */;
			proxyType = 1;
			remoteGlobalIDString = 256B47B726AFABFB007E13C8;
			remoteInfo = OBJC_test;
		};
		256B47DF26AFABFF007E13C8 /* PBXContainerItemProxy */ = {
			isa = PBXContainerItemProxy;
			containerPortal = 256B47B026AFABFB007E13C8 /* Project object */;
			proxyType = 1;
			remoteGlobalIDString = 256B47B726AFABFB007E13C8;
			remoteInfo = OBJC_test;
		};
/* End PBXContainerItemProxy section */

/* Begin PBXFileReference section */
		1DF34BA72DB1D3A5E4117B91 /* Pods_OBJC_test.framework */ = {isa = PBXFileReference; explicitFileType = wrapper.framework; includeInIndex = 0; path = Pods_OBJC_test.framework; sourceTree = BUILT_PRODUCTS_DIR; };
		2498971F482A606920567723 /* Pods-OBJC_test.debug.xcconfig */ = {isa = PBXFileReference; includeInIndex = 1; lastKnownFileType = text.xcconfig; name = "Pods-OBJC_test.debug.xcconfig"; path = "Target Support Files/Pods-OBJC_test/Pods-OBJC_test.debug.xcconfig"; sourceTree = "<group>"; };
		2505C23328AE138E00215530 /* WQGridViewController.h */ = {isa = PBXFileReference; lastKnownFileType = sourcecode.c.h; path = WQGridViewController.h; sourceTree = "<group>"; };
		2505C23428AE138E00215530 /* WQGridViewController.m */ = {isa = PBXFileReference; lastKnownFileType = sourcecode.c.objc; path = WQGridViewController.m; sourceTree = "<group>"; };
		251677902862A7350025A701 /* CalculateData.h */ = {isa = PBXFileReference; lastKnownFileType = sourcecode.c.h; path = CalculateData.h; sourceTree = "<group>"; };
		251677912862A7350025A701 /* CalculateData.m */ = {isa = PBXFileReference; lastKnownFileType = sourcecode.c.objc; path = CalculateData.m; sourceTree = "<group>"; };
		251677932862A7C10025A701 /* CalculateDataTest.m */ = {isa = PBXFileReference; lastKnownFileType = sourcecode.c.objc; path = CalculateDataTest.m; sourceTree = "<group>"; };
		251D3CEF27A2447400FC1153 /* OBJC_test-Bridging-Header.h */ = {isa = PBXFileReference; lastKnownFileType = sourcecode.c.h; path = "OBJC_test-Bridging-Header.h"; sourceTree = "<group>"; };
		251D3CF027A2447500FC1153 /* RandomView.swift */ = {isa = PBXFileReference; lastKnownFileType = sourcecode.swift; path = RandomView.swift; sourceTree = "<group>"; };
		25317A5328261C29006678F7 /* RandomColorVC.h */ = {isa = PBXFileReference; lastKnownFileType = sourcecode.c.h; path = RandomColorVC.h; sourceTree = "<group>"; };
		25317A5428261C2A006678F7 /* RandomColorVC.m */ = {isa = PBXFileReference; lastKnownFileType = sourcecode.c.objc; path = RandomColorVC.m; sourceTree = "<group>"; };
		25317A5628261DFA006678F7 /* ManagerNet.h */ = {isa = PBXFileReference; fileEncoding = 4; lastKnownFileType = sourcecode.c.h; path = ManagerNet.h; sourceTree = "<group>"; };
		25317A5728261DFA006678F7 /* ManagerNet.m */ = {isa = PBXFileReference; fileEncoding = 4; lastKnownFileType = sourcecode.c.objc; path = ManagerNet.m; sourceTree = "<group>"; };
		25317A5A28264BDE006678F7 /* HomeVC.m */ = {isa = PBXFileReference; fileEncoding = 4; lastKnownFileType = sourcecode.c.objc; path = HomeVC.m; sourceTree = "<group>"; };
		25317A5B28264BDE006678F7 /* HomeVC.h */ = {isa = PBXFileReference; fileEncoding = 4; lastKnownFileType = sourcecode.c.h; path = HomeVC.h; sourceTree = "<group>"; };
		253A87C628A505E80041CB0A /* ScanCodeVC.m */ = {isa = PBXFileReference; fileEncoding = 4; lastKnownFileType = sourcecode.c.objc; path = ScanCodeVC.m; sourceTree = "<group>"; };
		253A87C728A505E90041CB0A /* ScanCodeVC.h */ = {isa = PBXFileReference; fileEncoding = 4; lastKnownFileType = sourcecode.c.h; path = ScanCodeVC.h; sourceTree = "<group>"; };
		2547A80C28AF8D770042EAF5 /* README.md */ = {isa = PBXFileReference; fileEncoding = 4; lastKnownFileType = net.daringfireball.markdown; path = README.md; sourceTree = SOURCE_ROOT; };
		254A07A026E06608007A7F50 /* AAQYAlertView.h */ = {isa = PBXFileReference; lastKnownFileType = sourcecode.c.h; path = AAQYAlertView.h; sourceTree = "<group>"; };
		254A07A126E06608007A7F50 /* AAQYAlertView.m */ = {isa = PBXFileReference; lastKnownFileType = sourcecode.c.objc; path = AAQYAlertView.m; sourceTree = "<group>"; };
		254A07A426E066C2007A7F50 /* UIView+CreateObj.h */ = {isa = PBXFileReference; lastKnownFileType = sourcecode.c.h; path = "UIView+CreateObj.h"; sourceTree = "<group>"; };
		254A07A526E066C2007A7F50 /* UIView+CreateObj.m */ = {isa = PBXFileReference; lastKnownFileType = sourcecode.c.objc; path = "UIView+CreateObj.m"; sourceTree = "<group>"; };
		2558F66626E7098D00117C3A /* NSString+Pinyin.h */ = {isa = PBXFileReference; lastKnownFileType = sourcecode.c.h; path = "NSString+Pinyin.h"; sourceTree = "<group>"; };
		2558F66726E7098D00117C3A /* NSString+Pinyin.m */ = {isa = PBXFileReference; lastKnownFileType = sourcecode.c.objc; path = "NSString+Pinyin.m"; sourceTree = "<group>"; };
		2561BA042860103000C1AB9D /* testFirst.m */ = {isa = PBXFileReference; lastKnownFileType = sourcecode.c.objc; path = testFirst.m; sourceTree = "<group>"; };
		256B47B826AFABFB007E13C8 /* OBJC_test.app */ = {isa = PBXFileReference; explicitFileType = wrapper.application; includeInIndex = 0; path = OBJC_test.app; sourceTree = BUILT_PRODUCTS_DIR; };
		256B47BB26AFABFB007E13C8 /* AppDelegate.h */ = {isa = PBXFileReference; lastKnownFileType = sourcecode.c.h; path = AppDelegate.h; sourceTree = "<group>"; };
		256B47BC26AFABFB007E13C8 /* AppDelegate.m */ = {isa = PBXFileReference; lastKnownFileType = sourcecode.c.objc; path = AppDelegate.m; sourceTree = "<group>"; };
		256B47C126AFABFB007E13C8 /* ViewController.h */ = {isa = PBXFileReference; lastKnownFileType = sourcecode.c.h; path = ViewController.h; sourceTree = "<group>"; };
		256B47C226AFABFB007E13C8 /* ViewController.m */ = {isa = PBXFileReference; lastKnownFileType = sourcecode.c.objc; path = ViewController.m; sourceTree = "<group>"; };
		256B47C526AFABFC007E13C8 /* Base */ = {isa = PBXFileReference; lastKnownFileType = file.storyboard; name = Base; path = Base.lproj/Main.storyboard; sourceTree = "<group>"; };
		256B47C726AFABFE007E13C8 /* Assets.xcassets */ = {isa = PBXFileReference; lastKnownFileType = folder.assetcatalog; path = Assets.xcassets; sourceTree = "<group>"; };
		256B47CA26AFABFE007E13C8 /* Base */ = {isa = PBXFileReference; lastKnownFileType = file.storyboard; name = Base; path = Base.lproj/LaunchScreen.storyboard; sourceTree = "<group>"; };
		256B47CC26AFABFE007E13C8 /* Info.plist */ = {isa = PBXFileReference; lastKnownFileType = text.plist.xml; path = Info.plist; sourceTree = "<group>"; };
		256B47CD26AFABFE007E13C8 /* main.m */ = {isa = PBXFileReference; lastKnownFileType = sourcecode.c.objc; path = main.m; sourceTree = "<group>"; };
		256B47D326AFABFF007E13C8 /* OBJC_testTests.xctest */ = {isa = PBXFileReference; explicitFileType = wrapper.cfbundle; includeInIndex = 0; path = OBJC_testTests.xctest; sourceTree = BUILT_PRODUCTS_DIR; };
		256B47D726AFABFF007E13C8 /* OBJC_testTests.m */ = {isa = PBXFileReference; lastKnownFileType = sourcecode.c.objc; path = OBJC_testTests.m; sourceTree = "<group>"; };
		256B47D926AFABFF007E13C8 /* Info.plist */ = {isa = PBXFileReference; lastKnownFileType = text.plist.xml; path = Info.plist; sourceTree = "<group>"; };
		256B47DE26AFABFF007E13C8 /* OBJC_testUITests.xctest */ = {isa = PBXFileReference; explicitFileType = wrapper.cfbundle; includeInIndex = 0; path = OBJC_testUITests.xctest; sourceTree = BUILT_PRODUCTS_DIR; };
		256B47E226AFABFF007E13C8 /* OBJC_testUITests.m */ = {isa = PBXFileReference; lastKnownFileType = sourcecode.c.objc; path = OBJC_testUITests.m; sourceTree = "<group>"; };
		256B47E426AFABFF007E13C8 /* Info.plist */ = {isa = PBXFileReference; lastKnownFileType = text.plist.xml; path = Info.plist; sourceTree = "<group>"; };
		256B47F226AFAE01007E13C8 /* ortherFramwork.h */ = {isa = PBXFileReference; lastKnownFileType = sourcecode.c.h; path = ortherFramwork.h; sourceTree = "<group>"; };
		256B47F326AFB3CA007E13C8 /* OBJC_test.pch */ = {isa = PBXFileReference; lastKnownFileType = sourcecode.c.h; path = OBJC_test.pch; sourceTree = "<group>"; };
		257E1DD527E47579002670DF /* DanteWebVC.h */ = {isa = PBXFileReference; lastKnownFileType = sourcecode.c.h; path = DanteWebVC.h; sourceTree = "<group>"; };
		257E1DD627E47579002670DF /* DanteWebVC.m */ = {isa = PBXFileReference; lastKnownFileType = sourcecode.c.objc; path = DanteWebVC.m; sourceTree = "<group>"; };
		259EF332279A84AE00E6C95F /* NetLogManager.h */ = {isa = PBXFileReference; lastKnownFileType = sourcecode.c.h; path = NetLogManager.h; sourceTree = "<group>"; };
		259EF333279A84AE00E6C95F /* NetLogManager.m */ = {isa = PBXFileReference; lastKnownFileType = sourcecode.c.objc; path = NetLogManager.m; sourceTree = "<group>"; };
		25AD660526F48CE800DA671A /* HDHVerticalPMDView.h */ = {isa = PBXFileReference; fileEncoding = 4; lastKnownFileType = sourcecode.c.h; path = HDHVerticalPMDView.h; sourceTree = "<group>"; };
		25AD660626F48CE800DA671A /* HDHVerticalPMDView.m */ = {isa = PBXFileReference; fileEncoding = 4; lastKnownFileType = sourcecode.c.objc; path = HDHVerticalPMDView.m; sourceTree = "<group>"; };
		25B312CC28ADD19A000A3990 /* WQView.h */ = {isa = PBXFileReference; lastKnownFileType = sourcecode.c.h; path = WQView.h; sourceTree = "<group>"; };
		25B312CD28ADD19A000A3990 /* WQView.m */ = {isa = PBXFileReference; lastKnownFileType = sourcecode.c.objc; path = WQView.m; sourceTree = "<group>"; };
		25CA3EC226C3C1DE006117D7 /* HDHScrollPlusView.m */ = {isa = PBXFileReference; fileEncoding = 4; lastKnownFileType = sourcecode.c.objc; path = HDHScrollPlusView.m; sourceTree = "<group>"; };
		25CA3EC326C3C1DE006117D7 /* HDHScrollPlusView.h */ = {isa = PBXFileReference; fileEncoding = 4; lastKnownFileType = sourcecode.c.h; path = HDHScrollPlusView.h; sourceTree = "<group>"; };
		25DE67AC28B86E6300B1DF6F /* WQCradientPmdViewController.h */ = {isa = PBXFileReference; lastKnownFileType = sourcecode.c.h; path = WQCradientPmdViewController.h; sourceTree = "<group>"; };
		25DE67AD28B86E6300B1DF6F /* WQCradientPmdViewController.m */ = {isa = PBXFileReference; lastKnownFileType = sourcecode.c.objc; path = WQCradientPmdViewController.m; sourceTree = "<group>"; };
		25DE67AF28B8747600B1DF6F /* WQCradientPmdView.h */ = {isa = PBXFileReference; lastKnownFileType = sourcecode.c.h; path = WQCradientPmdView.h; sourceTree = "<group>"; };
		25DE67B028B8747600B1DF6F /* WQCradientPmdView.m */ = {isa = PBXFileReference; lastKnownFileType = sourcecode.c.objc; path = WQCradientPmdView.m; sourceTree = "<group>"; };
		25DE67B228B874DF00B1DF6F /* WQBzyiGradientView.h */ = {isa = PBXFileReference; lastKnownFileType = sourcecode.c.h; path = WQBzyiGradientView.h; sourceTree = "<group>"; };
		25DE67B328B874DF00B1DF6F /* WQBzyiGradientView.m */ = {isa = PBXFileReference; lastKnownFileType = sourcecode.c.objc; path = WQBzyiGradientView.m; sourceTree = "<group>"; };
		25E18E7E28AA40BD002AB51A /* WQPMDViewController.h */ = {isa = PBXFileReference; lastKnownFileType = sourcecode.c.h; path = WQPMDViewController.h; sourceTree = "<group>"; };
		25E18E7F28AA40BD002AB51A /* WQPMDViewController.m */ = {isa = PBXFileReference; lastKnownFileType = sourcecode.c.objc; path = WQPMDViewController.m; sourceTree = "<group>"; };
		25E18E8228AB2822002AB51A /* WQCyclePMDViewController.h */ = {isa = PBXFileReference; lastKnownFileType = sourcecode.c.h; path = WQCyclePMDViewController.h; sourceTree = "<group>"; };
		25E18E8328AB2822002AB51A /* WQCyclePMDViewController.m */ = {isa = PBXFileReference; lastKnownFileType = sourcecode.c.objc; path = WQCyclePMDViewController.m; sourceTree = "<group>"; };
		25F8572C2744ECDD004DB99E /* SaveInfoVC.h */ = {isa = PBXFileReference; lastKnownFileType = sourcecode.c.h; path = SaveInfoVC.h; sourceTree = "<group>"; };
		25F8572D2744ECDD004DB99E /* SaveInfoVC.m */ = {isa = PBXFileReference; lastKnownFileType = sourcecode.c.objc; path = SaveInfoVC.m; sourceTree = "<group>"; };
		25F857302744F0C6004DB99E /* String_Dfine.h */ = {isa = PBXFileReference; lastKnownFileType = sourcecode.c.h; path = String_Dfine.h; sourceTree = "<group>"; };
		25F857312744F0C6004DB99E /* String_Dfine.m */ = {isa = PBXFileReference; lastKnownFileType = sourcecode.c.objc; path = String_Dfine.m; sourceTree = "<group>"; };
		25F857332744F389004DB99E /* SaveInfoCell.h */ = {isa = PBXFileReference; lastKnownFileType = sourcecode.c.h; path = SaveInfoCell.h; sourceTree = "<group>"; };
		25F857342744F389004DB99E /* SaveInfoCell.m */ = {isa = PBXFileReference; lastKnownFileType = sourcecode.c.objc; path = SaveInfoCell.m; sourceTree = "<group>"; };
		25FA935528ACD1A900F2E484 /* WQBYCyclePMDViewController.h */ = {isa = PBXFileReference; lastKnownFileType = sourcecode.c.h; path = WQBYCyclePMDViewController.h; sourceTree = "<group>"; };
		25FA935628ACD1A900F2E484 /* WQBYCyclePMDViewController.m */ = {isa = PBXFileReference; lastKnownFileType = sourcecode.c.objc; path = WQBYCyclePMDViewController.m; sourceTree = "<group>"; };
		4DEF03574F21C33116E76C47 /* Pods-OBJC_test-OBJC_testUITests.debug.xcconfig */ = {isa = PBXFileReference; includeInIndex = 1; lastKnownFileType = text.xcconfig; name = "Pods-OBJC_test-OBJC_testUITests.debug.xcconfig"; path = "Target Support Files/Pods-OBJC_test-OBJC_testUITests/Pods-OBJC_test-OBJC_testUITests.debug.xcconfig"; sourceTree = "<group>"; };
		7AB19B46E53667510816D605 /* Pods-OBJC_test-OBJC_testUITests.release.xcconfig */ = {isa = PBXFileReference; includeInIndex = 1; lastKnownFileType = text.xcconfig; name = "Pods-OBJC_test-OBJC_testUITests.release.xcconfig"; path = "Target Support Files/Pods-OBJC_test-OBJC_testUITests/Pods-OBJC_test-OBJC_testUITests.release.xcconfig"; sourceTree = "<group>"; };
		7C1294EFF3A561637C2A7DA9 /* Pods-OBJC_testTests.debug.xcconfig */ = {isa = PBXFileReference; includeInIndex = 1; lastKnownFileType = text.xcconfig; name = "Pods-OBJC_testTests.debug.xcconfig"; path = "Target Support Files/Pods-OBJC_testTests/Pods-OBJC_testTests.debug.xcconfig"; sourceTree = "<group>"; };
		7FC152F1EA5AE43DB0AC2ECE /* Pods-OBJC_test.release.xcconfig */ = {isa = PBXFileReference; includeInIndex = 1; lastKnownFileType = text.xcconfig; name = "Pods-OBJC_test.release.xcconfig"; path = "Target Support Files/Pods-OBJC_test/Pods-OBJC_test.release.xcconfig"; sourceTree = "<group>"; };
		DC600EEC90B826B806700341 /* Pods_OBJC_test_OBJC_testUITests.framework */ = {isa = PBXFileReference; explicitFileType = wrapper.framework; includeInIndex = 0; path = Pods_OBJC_test_OBJC_testUITests.framework; sourceTree = BUILT_PRODUCTS_DIR; };
		ECACE1CBBAC4D80C01436A4E /* Pods_OBJC_testTests.framework */ = {isa = PBXFileReference; explicitFileType = wrapper.framework; includeInIndex = 0; path = Pods_OBJC_testTests.framework; sourceTree = BUILT_PRODUCTS_DIR; };
		FF801EB06F63B9C7FFC25C26 /* Pods-OBJC_testTests.release.xcconfig */ = {isa = PBXFileReference; includeInIndex = 1; lastKnownFileType = text.xcconfig; name = "Pods-OBJC_testTests.release.xcconfig"; path = "Target Support Files/Pods-OBJC_testTests/Pods-OBJC_testTests.release.xcconfig"; sourceTree = "<group>"; };
/* End PBXFileReference section */

/* Begin PBXFrameworksBuildPhase section */
		256B47B526AFABFB007E13C8 /* Frameworks */ = {
			isa = PBXFrameworksBuildPhase;
			buildActionMask = 2147483647;
			files = (
				0EECA641BD205B94A6CA00CF /* Pods_OBJC_test.framework in Frameworks */,
			);
			runOnlyForDeploymentPostprocessing = 0;
		};
		256B47D026AFABFF007E13C8 /* Frameworks */ = {
			isa = PBXFrameworksBuildPhase;
			buildActionMask = 2147483647;
			files = (
				C55011541C6058E47D1D4800 /* Pods_OBJC_testTests.framework in Frameworks */,
			);
			runOnlyForDeploymentPostprocessing = 0;
		};
		256B47DB26AFABFF007E13C8 /* Frameworks */ = {
			isa = PBXFrameworksBuildPhase;
			buildActionMask = 2147483647;
			files = (
				AD054A5B3E7D9D640C8ED858 /* Pods_OBJC_test_OBJC_testUITests.framework in Frameworks */,
			);
			runOnlyForDeploymentPostprocessing = 0;
		};
/* End PBXFrameworksBuildPhase section */

/* Begin PBXGroup section */
		2505C23028AE0CCE00215530 /* CopyRandomColor */ = {
			isa = PBXGroup;
			children = (
				25317A5328261C29006678F7 /* RandomColorVC.h */,
				25317A5428261C2A006678F7 /* RandomColorVC.m */,
			);
			path = CopyRandomColor;
			sourceTree = "<group>";
		};
		2505C23128AE0CEB00215530 /* CopyInfo */ = {
			isa = PBXGroup;
			children = (
				25F8572C2744ECDD004DB99E /* SaveInfoVC.h */,
				25F8572D2744ECDD004DB99E /* SaveInfoVC.m */,
			);
			path = CopyInfo;
			sourceTree = "<group>";
		};
		2505C23228AE0EC700215530 /* GridView */ = {
			isa = PBXGroup;
			children = (
				2505C23328AE138E00215530 /* WQGridViewController.h */,
				2505C23428AE138E00215530 /* WQGridViewController.m */,
			);
			path = GridView;
			sourceTree = "<group>";
		};
		251D3CF227A246EB00FC1153 /* SwiftFiles */ = {
			isa = PBXGroup;
			children = (
				251D3CF027A2447500FC1153 /* RandomView.swift */,
				251D3CEF27A2447400FC1153 /* OBJC_test-Bridging-Header.h */,
			);
			path = SwiftFiles;
			sourceTree = "<group>";
		};
		25317A5928264BBF006678F7 /* Main */ = {
			isa = PBXGroup;
			children = (
				25317A5B28264BDE006678F7 /* HomeVC.h */,
				25317A5A28264BDE006678F7 /* HomeVC.m */,
			);
			path = Main;
			sourceTree = "<group>";
		};
		253A87C528A505B80041CB0A /* Scan */ = {
			isa = PBXGroup;
			children = (
				253A87C728A505E90041CB0A /* ScanCodeVC.h */,
				253A87C628A505E80041CB0A /* ScanCodeVC.m */,
			);
			path = Scan;
			sourceTree = "<group>";
		};
		254A079F26E065DF007A7F50 /* AlertView */ = {
			isa = PBXGroup;
			children = (
				254A07A026E06608007A7F50 /* AAQYAlertView.h */,
				254A07A126E06608007A7F50 /* AAQYAlertView.m */,
			);
			path = AlertView;
			sourceTree = "<group>";
		};
		254A07A326E06688007A7F50 /* UIView */ = {
			isa = PBXGroup;
			children = (
				254A07A426E066C2007A7F50 /* UIView+CreateObj.h */,
				254A07A526E066C2007A7F50 /* UIView+CreateObj.m */,
				25B312CC28ADD19A000A3990 /* WQView.h */,
				25B312CD28ADD19A000A3990 /* WQView.m */,
			);
			path = UIView;
			sourceTree = "<group>";
		};
		2558F66526E7096500117C3A /* NSString */ = {
			isa = PBXGroup;
			children = (
				2558F66626E7098D00117C3A /* NSString+Pinyin.h */,
				2558F66726E7098D00117C3A /* NSString+Pinyin.m */,
			);
			path = NSString;
			sourceTree = "<group>";
		};
		256B47AF26AFABFB007E13C8 = {
			isa = PBXGroup;
			children = (
				256B47BA26AFABFB007E13C8 /* OBJC_test */,
				256B47D626AFABFF007E13C8 /* OBJC_testTests */,
				256B47E126AFABFF007E13C8 /* OBJC_testUITests */,
				941290B9E01A9471231413CB /* Frameworks */,
				45FE9DAAD6FED2BF9481C561 /* Pods */,
				256B47B926AFABFB007E13C8 /* Products */,
			);
			sourceTree = "<group>";
		};
		256B47B926AFABFB007E13C8 /* Products */ = {
			isa = PBXGroup;
			children = (
				256B47B826AFABFB007E13C8 /* OBJC_test.app */,
				256B47D326AFABFF007E13C8 /* OBJC_testTests.xctest */,
				256B47DE26AFABFF007E13C8 /* OBJC_testUITests.xctest */,
			);
			name = Products;
			sourceTree = "<group>";
		};
		256B47BA26AFABFB007E13C8 /* OBJC_test */ = {
			isa = PBXGroup;
			children = (
				2547A80C28AF8D770042EAF5 /* README.md */,
				256B47BB26AFABFB007E13C8 /* AppDelegate.h */,
				256B47BC26AFABFB007E13C8 /* AppDelegate.m */,
				256B47C726AFABFE007E13C8 /* Assets.xcassets */,
				251677902862A7350025A701 /* CalculateData.h */,
				251677912862A7350025A701 /* CalculateData.m */,
				256B47CC26AFABFE007E13C8 /* Info.plist */,
				256B47C926AFABFE007E13C8 /* LaunchScreen.storyboard */,
				256B47CD26AFABFE007E13C8 /* main.m */,
				256B47C426AFABFC007E13C8 /* Main.storyboard */,
				25317A5928264BBF006678F7 /* Main */,
				2558F66526E7096500117C3A /* NSString */,
				256B47F126AFADD9007E13C8 /* publicHeader */,
				251D3CF227A246EB00FC1153 /* SwiftFiles */,
				25E18E7B28AA3F50002AB51A /* ViewControllers */,
				25E18E7C28AA3FE1002AB51A /* Views */,
			);
			path = OBJC_test;
			sourceTree = "<group>";
		};
		256B47D626AFABFF007E13C8 /* OBJC_testTests */ = {
			isa = PBXGroup;
			children = (
				251677932862A7C10025A701 /* CalculateDataTest.m */,
				2561BA042860103000C1AB9D /* testFirst.m */,
				256B47D726AFABFF007E13C8 /* OBJC_testTests.m */,
				256B47D926AFABFF007E13C8 /* Info.plist */,
			);
			path = OBJC_testTests;
			sourceTree = "<group>";
		};
		256B47E126AFABFF007E13C8 /* OBJC_testUITests */ = {
			isa = PBXGroup;
			children = (
				256B47E226AFABFF007E13C8 /* OBJC_testUITests.m */,
				256B47E426AFABFF007E13C8 /* Info.plist */,
			);
			path = OBJC_testUITests;
			sourceTree = "<group>";
		};
		256B47F126AFADD9007E13C8 /* publicHeader */ = {
			isa = PBXGroup;
			children = (
				25317A5628261DFA006678F7 /* ManagerNet.h */,
				25317A5728261DFA006678F7 /* ManagerNet.m */,
				25F8572F2744F093004DB99E /* Define */,
				256B47F226AFAE01007E13C8 /* ortherFramwork.h */,
				256B47F326AFB3CA007E13C8 /* OBJC_test.pch */,
			);
			path = publicHeader;
			sourceTree = "<group>";
		};
		257E1DD427E47548002670DF /* WebModule */ = {
			isa = PBXGroup;
			children = (
				257E1DD527E47579002670DF /* DanteWebVC.h */,
				257E1DD627E47579002670DF /* DanteWebVC.m */,
			);
			path = WebModule;
			sourceTree = "<group>";
		};
		25AD660426F48CE800DA671A /* HDHVerticalPMDView */ = {
			isa = PBXGroup;
			children = (
				25AD660526F48CE800DA671A /* HDHVerticalPMDView.h */,
				25AD660626F48CE800DA671A /* HDHVerticalPMDView.m */,
			);
			path = HDHVerticalPMDView;
			sourceTree = "<group>";
		};
		25CA3EC126C3C1DE006117D7 /* ScrollView */ = {
			isa = PBXGroup;
			children = (
				25CA3EC326C3C1DE006117D7 /* HDHScrollPlusView.h */,
				25CA3EC226C3C1DE006117D7 /* HDHScrollPlusView.m */,
				259EF332279A84AE00E6C95F /* NetLogManager.h */,
				259EF333279A84AE00E6C95F /* NetLogManager.m */,
			);
			path = ScrollView;
			sourceTree = "<group>";
		};
		25DE67AB28B86E1B00B1DF6F /* GradientPMD */ = {
			isa = PBXGroup;
			children = (
				25DE67AC28B86E6300B1DF6F /* WQCradientPmdViewController.h */,
				25DE67AD28B86E6300B1DF6F /* WQCradientPmdViewController.m */,
				25DE67AF28B8747600B1DF6F /* WQCradientPmdView.h */,
				25DE67B028B8747600B1DF6F /* WQCradientPmdView.m */,
				25DE67B228B874DF00B1DF6F /* WQBzyiGradientView.h */,
				25DE67B328B874DF00B1DF6F /* WQBzyiGradientView.m */,
			);
			path = GradientPMD;
			sourceTree = "<group>";
		};
		25E18E7B28AA3F50002AB51A /* ViewControllers */ = {
			isa = PBXGroup;
			children = (
				2505C23228AE0EC700215530 /* GridView */,
				2505C23128AE0CEB00215530 /* CopyInfo */,
				2505C23028AE0CCE00215530 /* CopyRandomColor */,
				25FA935328ACD16400F2E484 /* PMDTest */,
				253A87C528A505B80041CB0A /* Scan */,
				256B47C126AFABFB007E13C8 /* ViewController.h */,
				256B47C226AFABFB007E13C8 /* ViewController.m */,
			);
			path = ViewControllers;
			sourceTree = "<group>";
		};
		25E18E7C28AA3FE1002AB51A /* Views */ = {
			isa = PBXGroup;
			children = (
				257E1DD427E47548002670DF /* WebModule */,
				25CA3EC126C3C1DE006117D7 /* ScrollView */,
				254A07A326E06688007A7F50 /* UIView */,
				25F857332744F389004DB99E /* SaveInfoCell.h */,
				25F857342744F389004DB99E /* SaveInfoCell.m */,
				254A079F26E065DF007A7F50 /* AlertView */,
				25AD660426F48CE800DA671A /* HDHVerticalPMDView */,
			);
			path = Views;
			sourceTree = "<group>";
		};
		25E18E7D28AA406F002AB51A /* PMD */ = {
			isa = PBXGroup;
			children = (
				25E18E7E28AA40BD002AB51A /* WQPMDViewController.h */,
				25E18E7F28AA40BD002AB51A /* WQPMDViewController.m */,
			);
			path = PMD;
			sourceTree = "<group>";
		};
		25E18E8128AB27D1002AB51A /* CyclePMD */ = {
			isa = PBXGroup;
			children = (
				25E18E8228AB2822002AB51A /* WQCyclePMDViewController.h */,
				25E18E8328AB2822002AB51A /* WQCyclePMDViewController.m */,
			);
			path = CyclePMD;
			sourceTree = "<group>";
		};
		25F8572F2744F093004DB99E /* Define */ = {
			isa = PBXGroup;
			children = (
				25F857302744F0C6004DB99E /* String_Dfine.h */,
				25F857312744F0C6004DB99E /* String_Dfine.m */,
			);
			path = Define;
			sourceTree = "<group>";
		};
		25FA935328ACD16400F2E484 /* PMDTest */ = {
			isa = PBXGroup;
			children = (
				25DE67AB28B86E1B00B1DF6F /* GradientPMD */,
				25FA935428ACD18400F2E484 /* BYCyclePMD */,
				25E18E8128AB27D1002AB51A /* CyclePMD */,
				25E18E7D28AA406F002AB51A /* PMD */,
			);
			path = PMDTest;
			sourceTree = "<group>";
		};
		25FA935428ACD18400F2E484 /* BYCyclePMD */ = {
			isa = PBXGroup;
			children = (
				25FA935528ACD1A900F2E484 /* WQBYCyclePMDViewController.h */,
				25FA935628ACD1A900F2E484 /* WQBYCyclePMDViewController.m */,
			);
			path = BYCyclePMD;
			sourceTree = "<group>";
		};
		45FE9DAAD6FED2BF9481C561 /* Pods */ = {
			isa = PBXGroup;
			children = (
				2498971F482A606920567723 /* Pods-OBJC_test.debug.xcconfig */,
				7FC152F1EA5AE43DB0AC2ECE /* Pods-OBJC_test.release.xcconfig */,
				4DEF03574F21C33116E76C47 /* Pods-OBJC_test-OBJC_testUITests.debug.xcconfig */,
				7AB19B46E53667510816D605 /* Pods-OBJC_test-OBJC_testUITests.release.xcconfig */,
				7C1294EFF3A561637C2A7DA9 /* Pods-OBJC_testTests.debug.xcconfig */,
				FF801EB06F63B9C7FFC25C26 /* Pods-OBJC_testTests.release.xcconfig */,
			);
			path = Pods;
			sourceTree = "<group>";
		};
		941290B9E01A9471231413CB /* Frameworks */ = {
			isa = PBXGroup;
			children = (
				ECACE1CBBAC4D80C01436A4E /* Pods_OBJC_testTests.framework */,
				1DF34BA72DB1D3A5E4117B91 /* Pods_OBJC_test.framework */,
				DC600EEC90B826B806700341 /* Pods_OBJC_test_OBJC_testUITests.framework */,
			);
			name = Frameworks;
			sourceTree = "<group>";
		};
/* End PBXGroup section */

/* Begin PBXNativeTarget section */
		256B47B726AFABFB007E13C8 /* OBJC_test */ = {
			isa = PBXNativeTarget;
			buildConfigurationList = 256B47E726AFABFF007E13C8 /* Build configuration list for PBXNativeTarget "OBJC_test" */;
			buildPhases = (
				B13C0EF421B922C2B7051663 /* [CP] Check Pods Manifest.lock */,
				256B47B426AFABFB007E13C8 /* Sources */,
				256B47B526AFABFB007E13C8 /* Frameworks */,
				256B47B626AFABFB007E13C8 /* Resources */,
				71CF2C47C11924307E7CB668 /* [CP] Embed Pods Frameworks */,
			);
			buildRules = (
			);
			dependencies = (
			);
			name = OBJC_test;
			productName = OBJC_test;
			productReference = 256B47B826AFABFB007E13C8 /* OBJC_test.app */;
			productType = "com.apple.product-type.application";
		};
		256B47D226AFABFF007E13C8 /* OBJC_testTests */ = {
			isa = PBXNativeTarget;
			buildConfigurationList = 256B47EA26AFABFF007E13C8 /* Build configuration list for PBXNativeTarget "OBJC_testTests" */;
			buildPhases = (
				A298BB17BC2D612ECA2495FA /* [CP] Check Pods Manifest.lock */,
				256B47CF26AFABFF007E13C8 /* Sources */,
				256B47D026AFABFF007E13C8 /* Frameworks */,
				256B47D126AFABFF007E13C8 /* Resources */,
			);
			buildRules = (
			);
			dependencies = (
				256B47D526AFABFF007E13C8 /* PBXTargetDependency */,
			);
			name = OBJC_testTests;
			productName = OBJC_testTests;
			productReference = 256B47D326AFABFF007E13C8 /* OBJC_testTests.xctest */;
			productType = "com.apple.product-type.bundle.unit-test";
		};
		256B47DD26AFABFF007E13C8 /* OBJC_testUITests */ = {
			isa = PBXNativeTarget;
			buildConfigurationList = 256B47ED26AFABFF007E13C8 /* Build configuration list for PBXNativeTarget "OBJC_testUITests" */;
			buildPhases = (
				B86CCFFD8C0836E782C78140 /* [CP] Check Pods Manifest.lock */,
				256B47DA26AFABFF007E13C8 /* Sources */,
				256B47DB26AFABFF007E13C8 /* Frameworks */,
				256B47DC26AFABFF007E13C8 /* Resources */,
				78EAABD7126D7E32337E53E0 /* [CP] Embed Pods Frameworks */,
			);
			buildRules = (
			);
			dependencies = (
				256B47E026AFABFF007E13C8 /* PBXTargetDependency */,
			);
			name = OBJC_testUITests;
			productName = OBJC_testUITests;
			productReference = 256B47DE26AFABFF007E13C8 /* OBJC_testUITests.xctest */;
			productType = "com.apple.product-type.bundle.ui-testing";
		};
/* End PBXNativeTarget section */

/* Begin PBXProject section */
		256B47B026AFABFB007E13C8 /* Project object */ = {
			isa = PBXProject;
			attributes = {
				CLASSPREFIX = WQ;
				LastUpgradeCheck = 1250;
				TargetAttributes = {
					256B47B726AFABFB007E13C8 = {
						CreatedOnToolsVersion = 12.5.1;
						LastSwiftMigration = 1320;
					};
					256B47D226AFABFF007E13C8 = {
						CreatedOnToolsVersion = 12.5.1;
						TestTargetID = 256B47B726AFABFB007E13C8;
					};
					256B47DD26AFABFF007E13C8 = {
						CreatedOnToolsVersion = 12.5.1;
						TestTargetID = 256B47B726AFABFB007E13C8;
					};
				};
			};
			buildConfigurationList = 256B47B326AFABFB007E13C8 /* Build configuration list for PBXProject "OBJC_test" */;
			compatibilityVersion = "Xcode 9.3";
			developmentRegion = en;
			hasScannedForEncodings = 0;
			knownRegions = (
				en,
				Base,
			);
			mainGroup = 256B47AF26AFABFB007E13C8;
			productRefGroup = 256B47B926AFABFB007E13C8 /* Products */;
			projectDirPath = "";
			projectRoot = "";
			targets = (
				256B47B726AFABFB007E13C8 /* OBJC_test */,
				256B47D226AFABFF007E13C8 /* OBJC_testTests */,
				256B47DD26AFABFF007E13C8 /* OBJC_testUITests */,
			);
		};
/* End PBXProject section */

/* Begin PBXResourcesBuildPhase section */
		256B47B626AFABFB007E13C8 /* Resources */ = {
			isa = PBXResourcesBuildPhase;
			buildActionMask = 2147483647;
			files = (
				256B47CB26AFABFE007E13C8 /* LaunchScreen.storyboard in Resources */,
				256B47C826AFABFE007E13C8 /* Assets.xcassets in Resources */,
				2547A80D28AF8D780042EAF5 /* README.md in Resources */,
				256B47C626AFABFC007E13C8 /* Main.storyboard in Resources */,
			);
			runOnlyForDeploymentPostprocessing = 0;
		};
		256B47D126AFABFF007E13C8 /* Resources */ = {
			isa = PBXResourcesBuildPhase;
			buildActionMask = 2147483647;
			files = (
			);
			runOnlyForDeploymentPostprocessing = 0;
		};
		256B47DC26AFABFF007E13C8 /* Resources */ = {
			isa = PBXResourcesBuildPhase;
			buildActionMask = 2147483647;
			files = (
			);
			runOnlyForDeploymentPostprocessing = 0;
		};
/* End PBXResourcesBuildPhase section */

/* Begin PBXShellScriptBuildPhase section */
		71CF2C47C11924307E7CB668 /* [CP] Embed Pods Frameworks */ = {
			isa = PBXShellScriptBuildPhase;
			buildActionMask = 2147483647;
			files = (
			);
			inputFileListPaths = (
				"${PODS_ROOT}/Target Support Files/Pods-OBJC_test/Pods-OBJC_test-frameworks-${CONFIGURATION}-input-files.xcfilelist",
			);
			name = "[CP] Embed Pods Frameworks";
			outputFileListPaths = (
				"${PODS_ROOT}/Target Support Files/Pods-OBJC_test/Pods-OBJC_test-frameworks-${CONFIGURATION}-output-files.xcfilelist",
			);
			runOnlyForDeploymentPostprocessing = 0;
			shellPath = /bin/sh;
			shellScript = "\"${PODS_ROOT}/Target Support Files/Pods-OBJC_test/Pods-OBJC_test-frameworks.sh\"\n";
			showEnvVarsInLog = 0;
		};
		78EAABD7126D7E32337E53E0 /* [CP] Embed Pods Frameworks */ = {
			isa = PBXShellScriptBuildPhase;
			buildActionMask = 2147483647;
			files = (
			);
			inputFileListPaths = (
				"${PODS_ROOT}/Target Support Files/Pods-OBJC_test-OBJC_testUITests/Pods-OBJC_test-OBJC_testUITests-frameworks-${CONFIGURATION}-input-files.xcfilelist",
			);
			name = "[CP] Embed Pods Frameworks";
			outputFileListPaths = (
				"${PODS_ROOT}/Target Support Files/Pods-OBJC_test-OBJC_testUITests/Pods-OBJC_test-OBJC_testUITests-frameworks-${CONFIGURATION}-output-files.xcfilelist",
			);
			runOnlyForDeploymentPostprocessing = 0;
			shellPath = /bin/sh;
			shellScript = "\"${PODS_ROOT}/Target Support Files/Pods-OBJC_test-OBJC_testUITests/Pods-OBJC_test-OBJC_testUITests-frameworks.sh\"\n";
			showEnvVarsInLog = 0;
		};
		A298BB17BC2D612ECA2495FA /* [CP] Check Pods Manifest.lock */ = {
			isa = PBXShellScriptBuildPhase;
			buildActionMask = 2147483647;
			files = (
			);
			inputFileListPaths = (
			);
			inputPaths = (
				"${PODS_PODFILE_DIR_PATH}/Podfile.lock",
				"${PODS_ROOT}/Manifest.lock",
			);
			name = "[CP] Check Pods Manifest.lock";
			outputFileListPaths = (
			);
			outputPaths = (
				"$(DERIVED_FILE_DIR)/Pods-OBJC_testTests-checkManifestLockResult.txt",
			);
			runOnlyForDeploymentPostprocessing = 0;
			shellPath = /bin/sh;
			shellScript = "diff \"${PODS_PODFILE_DIR_PATH}/Podfile.lock\" \"${PODS_ROOT}/Manifest.lock\" > /dev/null\nif [ $? != 0 ] ; then\n    # print error to STDERR\n    echo \"error: The sandbox is not in sync with the Podfile.lock. Run 'pod install' or update your CocoaPods installation.\" >&2\n    exit 1\nfi\n# This output is used by Xcode 'outputs' to avoid re-running this script phase.\necho \"SUCCESS\" > \"${SCRIPT_OUTPUT_FILE_0}\"\n";
			showEnvVarsInLog = 0;
		};
		B13C0EF421B922C2B7051663 /* [CP] Check Pods Manifest.lock */ = {
			isa = PBXShellScriptBuildPhase;
			buildActionMask = 2147483647;
			files = (
			);
			inputFileListPaths = (
			);
			inputPaths = (
				"${PODS_PODFILE_DIR_PATH}/Podfile.lock",
				"${PODS_ROOT}/Manifest.lock",
			);
			name = "[CP] Check Pods Manifest.lock";
			outputFileListPaths = (
			);
			outputPaths = (
				"$(DERIVED_FILE_DIR)/Pods-OBJC_test-checkManifestLockResult.txt",
			);
			runOnlyForDeploymentPostprocessing = 0;
			shellPath = /bin/sh;
			shellScript = "diff \"${PODS_PODFILE_DIR_PATH}/Podfile.lock\" \"${PODS_ROOT}/Manifest.lock\" > /dev/null\nif [ $? != 0 ] ; then\n    # print error to STDERR\n    echo \"error: The sandbox is not in sync with the Podfile.lock. Run 'pod install' or update your CocoaPods installation.\" >&2\n    exit 1\nfi\n# This output is used by Xcode 'outputs' to avoid re-running this script phase.\necho \"SUCCESS\" > \"${SCRIPT_OUTPUT_FILE_0}\"\n";
			showEnvVarsInLog = 0;
		};
		B86CCFFD8C0836E782C78140 /* [CP] Check Pods Manifest.lock */ = {
			isa = PBXShellScriptBuildPhase;
			buildActionMask = 2147483647;
			files = (
			);
			inputFileListPaths = (
			);
			inputPaths = (
				"${PODS_PODFILE_DIR_PATH}/Podfile.lock",
				"${PODS_ROOT}/Manifest.lock",
			);
			name = "[CP] Check Pods Manifest.lock";
			outputFileListPaths = (
			);
			outputPaths = (
				"$(DERIVED_FILE_DIR)/Pods-OBJC_test-OBJC_testUITests-checkManifestLockResult.txt",
			);
			runOnlyForDeploymentPostprocessing = 0;
			shellPath = /bin/sh;
			shellScript = "diff \"${PODS_PODFILE_DIR_PATH}/Podfile.lock\" \"${PODS_ROOT}/Manifest.lock\" > /dev/null\nif [ $? != 0 ] ; then\n    # print error to STDERR\n    echo \"error: The sandbox is not in sync with the Podfile.lock. Run 'pod install' or update your CocoaPods installation.\" >&2\n    exit 1\nfi\n# This output is used by Xcode 'outputs' to avoid re-running this script phase.\necho \"SUCCESS\" > \"${SCRIPT_OUTPUT_FILE_0}\"\n";
			showEnvVarsInLog = 0;
		};
/* End PBXShellScriptBuildPhase section */

/* Begin PBXSourcesBuildPhase section */
		256B47B426AFABFB007E13C8 /* Sources */ = {
			isa = PBXSourcesBuildPhase;
			buildActionMask = 2147483647;
			files = (
				25DE67AE28B86E6300B1DF6F /* WQCradientPmdViewController.m in Sources */,
				257E1DD727E47579002670DF /* DanteWebVC.m in Sources */,
				256B47C326AFABFB007E13C8 /* ViewController.m in Sources */,
				25E18E8428AB2822002AB51A /* WQCyclePMDViewController.m in Sources */,
				254A07A226E06608007A7F50 /* AAQYAlertView.m in Sources */,
				256B47BD26AFABFB007E13C8 /* AppDelegate.m in Sources */,
				256B47CE26AFABFE007E13C8 /* main.m in Sources */,
				25B312CE28ADD19A000A3990 /* WQView.m in Sources */,
				254A07A626E066C2007A7F50 /* UIView+CreateObj.m in Sources */,
				25F857322744F0C6004DB99E /* String_Dfine.m in Sources */,
				251D3CF127A2447500FC1153 /* RandomView.swift in Sources */,
				25CA3EC426C3C1DE006117D7 /* HDHScrollPlusView.m in Sources */,
				25FA935728ACD1A900F2E484 /* WQBYCyclePMDViewController.m in Sources */,
				25317A5528261C2A006678F7 /* RandomColorVC.m in Sources */,
				25F8572E2744ECDD004DB99E /* SaveInfoVC.m in Sources */,
				2505C23528AE138E00215530 /* WQGridViewController.m in Sources */,
				25317A5828261DFA006678F7 /* ManagerNet.m in Sources */,
				251677922862A7350025A701 /* CalculateData.m in Sources */,
				25AD660726F48CE800DA671A /* HDHVerticalPMDView.m in Sources */,
				25317A5C28264BDE006678F7 /* HomeVC.m in Sources */,
				25E18E8028AA40BD002AB51A /* WQPMDViewController.m in Sources */,
				2558F66826E7098D00117C3A /* NSString+Pinyin.m in Sources */,
				253A87C828A505E90041CB0A /* ScanCodeVC.m in Sources */,
				259EF334279A84AE00E6C95F /* NetLogManager.m in Sources */,
				25DE67B128B8747600B1DF6F /* WQCradientPmdView.m in Sources */,
				25F857352744F389004DB99E /* SaveInfoCell.m in Sources */,
				25DE67B428B874DF00B1DF6F /* WQBzyiGradientView.m in Sources */,
			);
			runOnlyForDeploymentPostprocessing = 0;
		};
		256B47CF26AFABFF007E13C8 /* Sources */ = {
			isa = PBXSourcesBuildPhase;
			buildActionMask = 2147483647;
			files = (
				2561BA052860103000C1AB9D /* testFirst.m in Sources */,
				256B47D826AFABFF007E13C8 /* OBJC_testTests.m in Sources */,
				251677942862A7C10025A701 /* CalculateDataTest.m in Sources */,
			);
			runOnlyForDeploymentPostprocessing = 0;
		};
		256B47DA26AFABFF007E13C8 /* Sources */ = {
			isa = PBXSourcesBuildPhase;
			buildActionMask = 2147483647;
			files = (
				256B47E326AFABFF007E13C8 /* OBJC_testUITests.m in Sources */,
			);
			runOnlyForDeploymentPostprocessing = 0;
		};
/* End PBXSourcesBuildPhase section */

/* Begin PBXTargetDependency section */
		256B47D526AFABFF007E13C8 /* PBXTargetDependency */ = {
			isa = PBXTargetDependency;
			target = 256B47B726AFABFB007E13C8 /* OBJC_test */;
			targetProxy = 256B47D426AFABFF007E13C8 /* PBXContainerItemProxy */;
		};
		256B47E026AFABFF007E13C8 /* PBXTargetDependency */ = {
			isa = PBXTargetDependency;
			target = 256B47B726AFABFB007E13C8 /* OBJC_test */;
			targetProxy = 256B47DF26AFABFF007E13C8 /* PBXContainerItemProxy */;
		};
/* End PBXTargetDependency section */

/* Begin PBXVariantGroup section */
		256B47C426AFABFC007E13C8 /* Main.storyboard */ = {
			isa = PBXVariantGroup;
			children = (
				256B47C526AFABFC007E13C8 /* Base */,
			);
			name = Main.storyboard;
			sourceTree = "<group>";
		};
		256B47C926AFABFE007E13C8 /* LaunchScreen.storyboard */ = {
			isa = PBXVariantGroup;
			children = (
				256B47CA26AFABFE007E13C8 /* Base */,
			);
			name = LaunchScreen.storyboard;
			sourceTree = "<group>";
		};
/* End PBXVariantGroup section */

/* Begin XCBuildConfiguration section */
		256B47E526AFABFF007E13C8 /* Debug */ = {
			isa = XCBuildConfiguration;
			buildSettings = {
				ALWAYS_SEARCH_USER_PATHS = NO;
				CLANG_ANALYZER_NONNULL = YES;
				CLANG_ANALYZER_NUMBER_OBJECT_CONVERSION = YES_AGGRESSIVE;
				CLANG_CXX_LANGUAGE_STANDARD = "gnu++14";
				CLANG_CXX_LIBRARY = "libc++";
				CLANG_ENABLE_MODULES = YES;
				CLANG_ENABLE_OBJC_ARC = YES;
				CLANG_ENABLE_OBJC_WEAK = YES;
				CLANG_WARN_BLOCK_CAPTURE_AUTORELEASING = YES;
				CLANG_WARN_BOOL_CONVERSION = YES;
				CLANG_WARN_COMMA = YES;
				CLANG_WARN_CONSTANT_CONVERSION = YES;
				CLANG_WARN_DEPRECATED_OBJC_IMPLEMENTATIONS = YES;
				CLANG_WARN_DIRECT_OBJC_ISA_USAGE = YES_ERROR;
				CLANG_WARN_DOCUMENTATION_COMMENTS = YES;
				CLANG_WARN_EMPTY_BODY = YES;
				CLANG_WARN_ENUM_CONVERSION = YES;
				CLANG_WARN_INFINITE_RECURSION = YES;
				CLANG_WARN_INT_CONVERSION = YES;
				CLANG_WARN_NON_LITERAL_NULL_CONVERSION = YES;
				CLANG_WARN_OBJC_IMPLICIT_RETAIN_SELF = NO;
				CLANG_WARN_OBJC_LITERAL_CONVERSION = YES;
				CLANG_WARN_OBJC_ROOT_CLASS = YES_ERROR;
				CLANG_WARN_QUOTED_INCLUDE_IN_FRAMEWORK_HEADER = YES;
				CLANG_WARN_RANGE_LOOP_ANALYSIS = YES;
				CLANG_WARN_STRICT_PROTOTYPES = YES;
				CLANG_WARN_SUSPICIOUS_MOVE = YES;
				CLANG_WARN_UNGUARDED_AVAILABILITY = YES_AGGRESSIVE;
				CLANG_WARN_UNREACHABLE_CODE = YES;
				CLANG_WARN__DUPLICATE_METHOD_MATCH = YES;
				COPY_PHASE_STRIP = NO;
				DEBUG_INFORMATION_FORMAT = dwarf;
				ENABLE_STRICT_OBJC_MSGSEND = YES;
				ENABLE_TESTABILITY = YES;
				GCC_C_LANGUAGE_STANDARD = gnu11;
				GCC_DYNAMIC_NO_PIC = NO;
				GCC_NO_COMMON_BLOCKS = YES;
				GCC_OPTIMIZATION_LEVEL = 0;
				GCC_PRECOMPILE_PREFIX_HEADER = YES;
				GCC_PREFIX_HEADER = "$(SRCROOT)/OBJC_test/publicHeader/OBJC_test.pch";
				GCC_PREPROCESSOR_DEFINITIONS = (
					"DEBUG=1",
					"$(inherited)",
				);
				GCC_WARN_64_TO_32_BIT_CONVERSION = YES;
				GCC_WARN_ABOUT_RETURN_TYPE = YES_ERROR;
				GCC_WARN_UNDECLARED_SELECTOR = YES;
				GCC_WARN_UNINITIALIZED_AUTOS = YES_AGGRESSIVE;
				GCC_WARN_UNUSED_FUNCTION = YES;
				GCC_WARN_UNUSED_VARIABLE = YES;
				IPHONEOS_DEPLOYMENT_TARGET = 9.0;
				MTL_ENABLE_DEBUG_INFO = INCLUDE_SOURCE;
				MTL_FAST_MATH = YES;
				ONLY_ACTIVE_ARCH = YES;
				SDKROOT = iphoneos;
			};
			name = Debug;
		};
		256B47E626AFABFF007E13C8 /* Release */ = {
			isa = XCBuildConfiguration;
			buildSettings = {
				ALWAYS_SEARCH_USER_PATHS = NO;
				CLANG_ANALYZER_NONNULL = YES;
				CLANG_ANALYZER_NUMBER_OBJECT_CONVERSION = YES_AGGRESSIVE;
				CLANG_CXX_LANGUAGE_STANDARD = "gnu++14";
				CLANG_CXX_LIBRARY = "libc++";
				CLANG_ENABLE_MODULES = YES;
				CLANG_ENABLE_OBJC_ARC = YES;
				CLANG_ENABLE_OBJC_WEAK = YES;
				CLANG_WARN_BLOCK_CAPTURE_AUTORELEASING = YES;
				CLANG_WARN_BOOL_CONVERSION = YES;
				CLANG_WARN_COMMA = YES;
				CLANG_WARN_CONSTANT_CONVERSION = YES;
				CLANG_WARN_DEPRECATED_OBJC_IMPLEMENTATIONS = YES;
				CLANG_WARN_DIRECT_OBJC_ISA_USAGE = YES_ERROR;
				CLANG_WARN_DOCUMENTATION_COMMENTS = YES;
				CLANG_WARN_EMPTY_BODY = YES;
				CLANG_WARN_ENUM_CONVERSION = YES;
				CLANG_WARN_INFINITE_RECURSION = YES;
				CLANG_WARN_INT_CONVERSION = YES;
				CLANG_WARN_NON_LITERAL_NULL_CONVERSION = YES;
				CLANG_WARN_OBJC_IMPLICIT_RETAIN_SELF = NO;
				CLANG_WARN_OBJC_LITERAL_CONVERSION = YES;
				CLANG_WARN_OBJC_ROOT_CLASS = YES_ERROR;
				CLANG_WARN_QUOTED_INCLUDE_IN_FRAMEWORK_HEADER = YES;
				CLANG_WARN_RANGE_LOOP_ANALYSIS = YES;
				CLANG_WARN_STRICT_PROTOTYPES = YES;
				CLANG_WARN_SUSPICIOUS_MOVE = YES;
				CLANG_WARN_UNGUARDED_AVAILABILITY = YES_AGGRESSIVE;
				CLANG_WARN_UNREACHABLE_CODE = YES;
				CLANG_WARN__DUPLICATE_METHOD_MATCH = YES;
				COPY_PHASE_STRIP = NO;
				DEBUG_INFORMATION_FORMAT = "dwarf-with-dsym";
				ENABLE_NS_ASSERTIONS = NO;
				ENABLE_STRICT_OBJC_MSGSEND = YES;
				GCC_C_LANGUAGE_STANDARD = gnu11;
				GCC_NO_COMMON_BLOCKS = YES;
				GCC_PRECOMPILE_PREFIX_HEADER = YES;
				GCC_PREFIX_HEADER = "$(SRCROOT)/OBJC_test/publicHeader/OBJC_test.pch";
				GCC_WARN_64_TO_32_BIT_CONVERSION = YES;
				GCC_WARN_ABOUT_RETURN_TYPE = YES_ERROR;
				GCC_WARN_UNDECLARED_SELECTOR = YES;
				GCC_WARN_UNINITIALIZED_AUTOS = YES_AGGRESSIVE;
				GCC_WARN_UNUSED_FUNCTION = YES;
				GCC_WARN_UNUSED_VARIABLE = YES;
				IPHONEOS_DEPLOYMENT_TARGET = 9.0;
				MTL_ENABLE_DEBUG_INFO = NO;
				MTL_FAST_MATH = YES;
				SDKROOT = iphoneos;
				VALIDATE_PRODUCT = YES;
			};
			name = Release;
		};
		256B47E826AFABFF007E13C8 /* Debug */ = {
			isa = XCBuildConfiguration;
			baseConfigurationReference = 2498971F482A606920567723 /* Pods-OBJC_test.debug.xcconfig */;
			buildSettings = {
				ASSETCATALOG_COMPILER_APPICON_NAME = AppIcon;
				ASSETCATALOG_COMPILER_GLOBAL_ACCENT_COLOR_NAME = AccentColor;
				CLANG_ENABLE_MODULES = YES;
				CODE_SIGN_STYLE = Automatic;
				DEFINES_MODULE = YES;
				DEVELOPMENT_TEAM = 7G7Z7TGSP2;
				INFOPLIST_FILE = OBJC_test/Info.plist;
				IPHONEOS_DEPLOYMENT_TARGET = 9.0;
				LD_RUNPATH_SEARCH_PATHS = (
					"$(inherited)",
					"@executable_path/Frameworks",
				);
				PRODUCT_BUNDLE_IDENTIFIER = "dante-life.OBJC-test";
				PRODUCT_NAME = "$(TARGET_NAME)";
				SWIFT_OBJC_BRIDGING_HEADER = "OBJC_test/SwiftFiles/OBJC_test-Bridging-Header.h";
				SWIFT_OPTIMIZATION_LEVEL = "-Onone";
				SWIFT_VERSION = 5.0;
				TARGETED_DEVICE_FAMILY = 1;
			};
			name = Debug;
		};
		256B47E926AFABFF007E13C8 /* Release */ = {
			isa = XCBuildConfiguration;
			baseConfigurationReference = 7FC152F1EA5AE43DB0AC2ECE /* Pods-OBJC_test.release.xcconfig */;
			buildSettings = {
				ASSETCATALOG_COMPILER_APPICON_NAME = AppIcon;
				ASSETCATALOG_COMPILER_GLOBAL_ACCENT_COLOR_NAME = AccentColor;
				CLANG_ENABLE_MODULES = YES;
				CODE_SIGN_STYLE = Automatic;
				DEFINES_MODULE = YES;
				DEVELOPMENT_TEAM = 7G7Z7TGSP2;
				INFOPLIST_FILE = OBJC_test/Info.plist;
				IPHONEOS_DEPLOYMENT_TARGET = 9.0;
				LD_RUNPATH_SEARCH_PATHS = (
					"$(inherited)",
					"@executable_path/Frameworks",
				);
				PRODUCT_BUNDLE_IDENTIFIER = "dante-life.OBJC-test";
				PRODUCT_NAME = "$(TARGET_NAME)";
				SWIFT_OBJC_BRIDGING_HEADER = "OBJC_test/SwiftFiles/OBJC_test-Bridging-Header.h";
				SWIFT_VERSION = 5.0;
				TARGETED_DEVICE_FAMILY = 1;
			};
			name = Release;
		};
		256B47EB26AFABFF007E13C8 /* Debug */ = {
			isa = XCBuildConfiguration;
			baseConfigurationReference = 7C1294EFF3A561637C2A7DA9 /* Pods-OBJC_testTests.debug.xcconfig */;
			buildSettings = {
				ALWAYS_EMBED_SWIFT_STANDARD_LIBRARIES = YES;
				BUNDLE_LOADER = "$(TEST_HOST)";
				CODE_SIGN_STYLE = Automatic;
				DEVELOPMENT_TEAM = 7G7Z7TGSP2;
				INFOPLIST_FILE = OBJC_testTests/Info.plist;
				IPHONEOS_DEPLOYMENT_TARGET = 10.0;
				LD_RUNPATH_SEARCH_PATHS = (
					"$(inherited)",
					"@executable_path/Frameworks",
					"@loader_path/Frameworks",
				);
				PRODUCT_BUNDLE_IDENTIFIER = "dante-life.OBJC-testTests";
				PRODUCT_NAME = "$(TARGET_NAME)";
				TARGETED_DEVICE_FAMILY = "1,2";
				TEST_HOST = "$(BUILT_PRODUCTS_DIR)/OBJC_test.app/OBJC_test";
			};
			name = Debug;
		};
		256B47EC26AFABFF007E13C8 /* Release */ = {
			isa = XCBuildConfiguration;
			baseConfigurationReference = FF801EB06F63B9C7FFC25C26 /* Pods-OBJC_testTests.release.xcconfig */;
			buildSettings = {
				ALWAYS_EMBED_SWIFT_STANDARD_LIBRARIES = YES;
				BUNDLE_LOADER = "$(TEST_HOST)";
				CODE_SIGN_STYLE = Automatic;
				DEVELOPMENT_TEAM = 7G7Z7TGSP2;
				INFOPLIST_FILE = OBJC_testTests/Info.plist;
				IPHONEOS_DEPLOYMENT_TARGET = 10.0;
				LD_RUNPATH_SEARCH_PATHS = (
					"$(inherited)",
					"@executable_path/Frameworks",
					"@loader_path/Frameworks",
				);
				PRODUCT_BUNDLE_IDENTIFIER = "dante-life.OBJC-testTests";
				PRODUCT_NAME = "$(TARGET_NAME)";
				TARGETED_DEVICE_FAMILY = "1,2";
				TEST_HOST = "$(BUILT_PRODUCTS_DIR)/OBJC_test.app/OBJC_test";
			};
			name = Release;
		};
		256B47EE26AFABFF007E13C8 /* Debug */ = {
			isa = XCBuildConfiguration;
			baseConfigurationReference = 4DEF03574F21C33116E76C47 /* Pods-OBJC_test-OBJC_testUITests.debug.xcconfig */;
			buildSettings = {
				ALWAYS_EMBED_SWIFT_STANDARD_LIBRARIES = YES;
				CODE_SIGN_STYLE = Automatic;
				DEVELOPMENT_TEAM = 7G7Z7TGSP2;
				INFOPLIST_FILE = OBJC_testUITests/Info.plist;
				LD_RUNPATH_SEARCH_PATHS = (
					"$(inherited)",
					"@executable_path/Frameworks",
					"@loader_path/Frameworks",
				);
				PRODUCT_BUNDLE_IDENTIFIER = "dante-life.OBJC-testUITests";
				PRODUCT_NAME = "$(TARGET_NAME)";
				TARGETED_DEVICE_FAMILY = "1,2";
				TEST_TARGET_NAME = OBJC_test;
			};
			name = Debug;
		};
		256B47EF26AFABFF007E13C8 /* Release */ = {
			isa = XCBuildConfiguration;
			baseConfigurationReference = 7AB19B46E53667510816D605 /* Pods-OBJC_test-OBJC_testUITests.release.xcconfig */;
			buildSettings = {
				ALWAYS_EMBED_SWIFT_STANDARD_LIBRARIES = YES;
				CODE_SIGN_STYLE = Automatic;
				DEVELOPMENT_TEAM = 7G7Z7TGSP2;
				INFOPLIST_FILE = OBJC_testUITests/Info.plist;
				LD_RUNPATH_SEARCH_PATHS = (
					"$(inherited)",
					"@executable_path/Frameworks",
					"@loader_path/Frameworks",
				);
				PRODUCT_BUNDLE_IDENTIFIER = "dante-life.OBJC-testUITests";
				PRODUCT_NAME = "$(TARGET_NAME)";
				TARGETED_DEVICE_FAMILY = "1,2";
				TEST_TARGET_NAME = OBJC_test;
			};
			name = Release;
		};
/* End XCBuildConfiguration section */

/* Begin XCConfigurationList section */
		256B47B326AFABFB007E13C8 /* Build configuration list for PBXProject "OBJC_test" */ = {
			isa = XCConfigurationList;
			buildConfigurations = (
				256B47E526AFABFF007E13C8 /* Debug */,
				256B47E626AFABFF007E13C8 /* Release */,
			);
			defaultConfigurationIsVisible = 0;
			defaultConfigurationName = Release;
		};
		256B47E726AFABFF007E13C8 /* Build configuration list for PBXNativeTarget "OBJC_test" */ = {
			isa = XCConfigurationList;
			buildConfigurations = (
				256B47E826AFABFF007E13C8 /* Debug */,
				256B47E926AFABFF007E13C8 /* Release */,
			);
			defaultConfigurationIsVisible = 0;
			defaultConfigurationName = Release;
		};
		256B47EA26AFABFF007E13C8 /* Build configuration list for PBXNativeTarget "OBJC_testTests" */ = {
			isa = XCConfigurationList;
			buildConfigurations = (
				256B47EB26AFABFF007E13C8 /* Debug */,
				256B47EC26AFABFF007E13C8 /* Release */,
			);
			defaultConfigurationIsVisible = 0;
			defaultConfigurationName = Release;
		};
		256B47ED26AFABFF007E13C8 /* Build configuration list for PBXNativeTarget "OBJC_testUITests" */ = {
			isa = XCConfigurationList;
			buildConfigurations = (
				256B47EE26AFABFF007E13C8 /* Debug */,
				256B47EF26AFABFF007E13C8 /* Release */,
			);
			defaultConfigurationIsVisible = 0;
			defaultConfigurationName = Release;
		};
/* End XCConfigurationList section */
	};
	rootObject = 256B47B026AFABFB007E13C8 /* Project object */;
}
